
Microsoft Visual Studio Solution File, Format Version 12.00
# Visual Studio Version 16
VisualStudioVersion = 16.0.33328.57
MinimumVisualStudioVersion = 10.0.40219.1
Project("{F184B08F-C81C-45F6-A57F-5ABD9991F28F}") = "Project3", "Project3\Project3.vbproj", "{3B8F5A07-B6C7-44A8-9BA7-DC0845C62FD3}"
EndProject
Global
	GlobalSection(SolutionConfigurationPlatforms) = preSolution
		Debug|Any CPU = Debug|Any CPU
		Release|Any CPU = Release|Any CPU
	EndGlobalSection
	GlobalSection(ProjectConfigurationPlatforms) = postSolution
		{3B8F5A07-B6C7-44A8-9BA7-DC0845C62FD3}.Debug|Any CPU.ActiveCfg = Debug|Any CPU
		{3B8F5A07-B6C7-44A8-9BA7-DC0845C62FD3}.Debug|Any CPU.Build.0 = Debug|Any CPU
		{3B8F5A07-B6C7-44A8-9BA7-DC0845C62FD3}.Release|Any CPU.ActiveCfg = Release|Any CPU
		{3B8F5A07-B6C7-44A8-9BA7-DC0845C62FD3}.Release|Any CPU.Build.0 = Release|Any CPU
	EndGlobalSection
	GlobalSection(SolutionProperties) = preSolution
		HideSolutionNode = FALSE
	EndGlobalSection
	GlobalSection(ExtensibilityGlobals) = postSolution
		SolutionGuid = {30BA20D6-8072-4FC6-A721-7CA8284305BA}
	EndGlobalSection
EndGlobal
